
Microsoft Visual Studio Solution File, Format Version 12.00
# Visual Studio Version 17
VisualStudioVersion = 17.5.002.0
MinimumVisualStudioVersion = 10.0.40219.1
Project("{9A19103F-16F7-4668-BE54-9A1E7A4F7556}") = "api", "api\api.csproj", "{6A50B386-8224-4B7E-A163-2EFF3DDADACC}"
EndProject
Global
	GlobalSection(SolutionConfigurationPlatforms) = preSolution
		Debug|Any CPU = Debug|Any CPU
		Release|Any CPU = Release|Any CPU
	EndGlobalSection
	GlobalSection(ProjectConfigurationPlatforms) = postSolution
		{6A50B386-8224-4B7E-A163-2EFF3DDADACC}.Debug|Any CPU.ActiveCfg = Debug|Any CPU
		{6A50B386-8224-4B7E-A163-2EFF3DDADACC}.Debug|Any CPU.Build.0 = Debug|Any CPU
		{6A50B386-8224-4B7E-A163-2EFF3DDADACC}.Release|Any CPU.ActiveCfg = Release|Any CPU
		{6A50B386-8224-4B7E-A163-2EFF3DDADACC}.Release|Any CPU.Build.0 = Release|Any CPU
	EndGlobalSection
	GlobalSection(SolutionProperties) = preSolution
		HideSolutionNode = FALSE
	EndGlobalSection
	GlobalSection(ExtensibilityGlobals) = postSolution
		SolutionGuid = {340A7851-7B95-42F6-9433-D8BB31E85F0A}
	EndGlobalSection
EndGlobal
